
Microsoft Visual Studio Solution File, Format Version 12.00
# Visual Studio Version 17
VisualStudioVersion = 17.13.35818.85 d17.13
MinimumVisualStudioVersion = 10.0.40219.1
Project("{FAE04EC0-301F-11D3-BF4B-00C04F79EFBC}") = "CultureWave_Form", "CultureWave_Form\CultureWave_Form.csproj", "{74E21733-A379-433F-91BC-E186004B434F}"
EndProject
Global
	GlobalSection(SolutionConfigurationPlatforms) = preSolution
		Debug|Any CPU = Debug|Any CPU
		Release|Any CPU = Release|Any CPU
	EndGlobalSection
	GlobalSection(ProjectConfigurationPlatforms) = postSolution
		{74E21733-A379-433F-91BC-E186004B434F}.Debug|Any CPU.ActiveCfg = Debug|Any CPU
		{74E21733-A379-433F-91BC-E186004B434F}.Debug|Any CPU.Build.0 = Debug|Any CPU
		{74E21733-A379-433F-91BC-E186004B434F}.Release|Any CPU.ActiveCfg = Release|Any CPU
		{74E21733-A379-433F-91BC-E186004B434F}.Release|Any CPU.Build.0 = Release|Any CPU
	EndGlobalSection
	GlobalSection(SolutionProperties) = preSolution
		HideSolutionNode = FALSE
	EndGlobalSection
	GlobalSection(ExtensibilityGlobals) = postSolution
		SolutionGuid = {F50383CC-93AB-4296-A009-BFFD90404C58}
	EndGlobalSection
EndGlobal
